// !$*UTF8*$!
{
	archiveVersion = 1;
	classes = {
	};
	objectVersion = 46;
	objects = {

/* Begin PBXBuildFile section */
		CC3577931B04A5C300D42CAD /* AppDelegate.swift in Sources */ = {isa = PBXBuildFile; fileRef = CC3577921B04A5C300D42CAD /* AppDelegate.swift */; };
		CC3577951B04A5C300D42CAD /* ViewController.swift in Sources */ = {isa = PBXBuildFile; fileRef = CC3577941B04A5C300D42CAD /* ViewController.swift */; };
		CC3577981B04A5C300D42CAD /* Main.storyboard in Resources */ = {isa = PBXBuildFile; fileRef = CC3577961B04A5C300D42CAD /* Main.storyboard */; };
		CC35779A1B04A5C300D42CAD /* Images.xcassets in Resources */ = {isa = PBXBuildFile; fileRef = CC3577991B04A5C300D42CAD /* Images.xcassets */; };
		CC35779D1B04A5C300D42CAD /* LaunchScreen.xib in Resources */ = {isa = PBXBuildFile; fileRef = CC35779B1B04A5C300D42CAD /* LaunchScreen.xib */; };
		CC3577A91B04A5C300D42CAD /* iosAnimationSampleTests.swift in Sources */ = {isa = PBXBuildFile; fileRef = CC3577A81B04A5C300D42CAD /* iosAnimationSampleTests.swift */; };
		CC3577B31B04A85B00D42CAD /* PositionViewController.swift in Sources */ = {isa = PBXBuildFile; fileRef = CC3577B21B04A85B00D42CAD /* PositionViewController.swift */; };
		CC3577B51B04B96B00D42CAD /* OpacityViewController.swift in Sources */ = {isa = PBXBuildFile; fileRef = CC3577B41B04B96B00D42CAD /* OpacityViewController.swift */; };
		CC3577B71B04BC9200D42CAD /* ScaleViewController.swift in Sources */ = {isa = PBXBuildFile; fileRef = CC3577B61B04BC9200D42CAD /* ScaleViewController.swift */; };
		CC3577B91B04BF4600D42CAD /* ColorViewController.swift in Sources */ = {isa = PBXBuildFile; fileRef = CC3577B81B04BF4600D42CAD /* ColorViewController.swift */; };
/* End PBXBuildFile section */

/* Begin PBXContainerItemProxy section */
		CC3577A31B04A5C300D42CAD /* PBXContainerItemProxy */ = {
			isa = PBXContainerItemProxy;
			containerPortal = CC3577851B04A5C300D42CAD /* Project object */;
			proxyType = 1;
			remoteGlobalIDString = CC35778C1B04A5C300D42CAD;
			remoteInfo = iosAnimationSample;
		};
/* End PBXContainerItemProxy section */

/* Begin PBXFileReference section */
		CC35778D1B04A5C300D42CAD /* iosAnimationSample.app */ = {isa = PBXFileReference; explicitFileType = wrapper.application; includeInIndex = 0; path = iosAnimationSample.app; sourceTree = BUILT_PRODUCTS_DIR; };
		CC3577911B04A5C300D42CAD /* Info.plist */ = {isa = PBXFileReference; lastKnownFileType = text.plist.xml; path = Info.plist; sourceTree = "<group>"; };
		CC3577921B04A5C300D42CAD /* AppDelegate.swift */ = {isa = PBXFileReference; lastKnownFileType = sourcecode.swift; path = AppDelegate.swift; sourceTree = "<group>"; };
		CC3577941B04A5C300D42CAD /* ViewController.swift */ = {isa = PBXFileReference; lastKnownFileType = sourcecode.swift; path = ViewController.swift; sourceTree = "<group>"; };
		CC3577971B04A5C300D42CAD /* Base */ = {isa = PBXFileReference; lastKnownFileType = file.storyboard; name = Base; path = Base.lproj/Main.storyboard; sourceTree = "<group>"; };
		CC3577991B04A5C300D42CAD /* Images.xcassets */ = {isa = PBXFileReference; lastKnownFileType = folder.assetcatalog; path = Images.xcassets; sourceTree = "<group>"; };
		CC35779C1B04A5C300D42CAD /* Base */ = {isa = PBXFileReference; lastKnownFileType = file.xib; name = Base; path = Base.lproj/LaunchScreen.xib; sourceTree = "<group>"; };
		CC3577A21B04A5C300D42CAD /* iosAnimationSampleTests.xctest */ = {isa = PBXFileReference; explicitFileType = wrapper.cfbundle; includeInIndex = 0; path = iosAnimationSampleTests.xctest; sourceTree = BUILT_PRODUCTS_DIR; };
		CC3577A71B04A5C300D42CAD /* Info.plist */ = {isa = PBXFileReference; lastKnownFileType = text.plist.xml; path = Info.plist; sourceTree = "<group>"; };
		CC3577A81B04A5C300D42CAD /* iosAnimationSampleTests.swift */ = {isa = PBXFileReference; lastKnownFileType = sourcecode.swift; path = iosAnimationSampleTests.swift; sourceTree = "<group>"; };
		CC3577B21B04A85B00D42CAD /* PositionViewController.swift */ = {isa = PBXFileReference; fileEncoding = 4; lastKnownFileType = sourcecode.swift; path = PositionViewController.swift; sourceTree = "<group>"; };
		CC3577B41B04B96B00D42CAD /* OpacityViewController.swift */ = {isa = PBXFileReference; fileEncoding = 4; lastKnownFileType = sourcecode.swift; path = OpacityViewController.swift; sourceTree = "<group>"; };
		CC3577B61B04BC9200D42CAD /* ScaleViewController.swift */ = {isa = PBXFileReference; fileEncoding = 4; lastKnownFileType = sourcecode.swift; path = ScaleViewController.swift; sourceTree = "<group>"; };
		CC3577B81B04BF4600D42CAD /* ColorViewController.swift */ = {isa = PBXFileReference; fileEncoding = 4; lastKnownFileType = sourcecode.swift; path = ColorViewController.swift; sourceTree = "<group>"; };
/* End PBXFileReference section */

/* Begin PBXFrameworksBuildPhase section */
		CC35778A1B04A5C300D42CAD /* Frameworks */ = {
			isa = PBXFrameworksBuildPhase;
			buildActionMask = 2147483647;
			files = (
			);
			runOnlyForDeploymentPostprocessing = 0;
		};
		CC35779F1B04A5C300D42CAD /* Frameworks */ = {
			isa = PBXFrameworksBuildPhase;
			buildActionMask = 2147483647;
			files = (
			);
			runOnlyForDeploymentPostprocessing = 0;
		};
/* End PBXFrameworksBuildPhase section */

/* Begin PBXGroup section */
		CC3577841B04A5C300D42CAD = {
			isa = PBXGroup;
			children = (
				CC35778F1B04A5C300D42CAD /* iosAnimationSample */,
				CC3577A51B04A5C300D42CAD /* iosAnimationSampleTests */,
				CC35778E1B04A5C300D42CAD /* Products */,
			);
			sourceTree = "<group>";
		};
		CC35778E1B04A5C300D42CAD /* Products */ = {
			isa = PBXGroup;
			children = (
				CC35778D1B04A5C300D42CAD /* iosAnimationSample.app */,
				CC3577A21B04A5C300D42CAD /* iosAnimationSampleTests.xctest */,
			);
			name = Products;
			sourceTree = "<group>";
		};
		CC35778F1B04A5C300D42CAD /* iosAnimationSample */ = {
			isa = PBXGroup;
			children = (
				CC3577921B04A5C300D42CAD /* AppDelegate.swift */,
				CC3577941B04A5C300D42CAD /* ViewController.swift */,
				CC3577B21B04A85B00D42CAD /* PositionViewController.swift */,
				CC3577B41B04B96B00D42CAD /* OpacityViewController.swift */,
				CC3577B61B04BC9200D42CAD /* ScaleViewController.swift */,
				CC3577B81B04BF4600D42CAD /* ColorViewController.swift */,
				CC3577961B04A5C300D42CAD /* Main.storyboard */,
				CC3577991B04A5C300D42CAD /* Images.xcassets */,
				CC35779B1B04A5C300D42CAD /* LaunchScreen.xib */,
				CC3577901B04A5C300D42CAD /* Supporting Files */,
			);
			path = iosAnimationSample;
			sourceTree = "<group>";
		};
		CC3577901B04A5C300D42CAD /* Supporting Files */ = {
			isa = PBXGroup;
			children = (
				CC3577911B04A5C300D42CAD /* Info.plist */,
			);
			name = "Supporting Files";
			sourceTree = "<group>";
		};
		CC3577A51B04A5C300D42CAD /* iosAnimationSampleTests */ = {
			isa = PBXGroup;
			children = (
				CC3577A81B04A5C300D42CAD /* iosAnimationSampleTests.swift */,
				CC3577A61B04A5C300D42CAD /* Supporting Files */,
			);
			path = iosAnimationSampleTests;
			sourceTree = "<group>";
		};
		CC3577A61B04A5C300D42CAD /* Supporting Files */ = {
			isa = PBXGroup;
			children = (
				CC3577A71B04A5C300D42CAD /* Info.plist */,
			);
			name = "Supporting Files";
			sourceTree = "<group>";
		};
/* End PBXGroup section */

/* Begin PBXNativeTarget section */
		CC35778C1B04A5C300D42CAD /* iosAnimationSample */ = {
			isa = PBXNativeTarget;
			buildConfigurationList = CC3577AC1B04A5C300D42CAD /* Build configuration list for PBXNativeTarget "iosAnimationSample" */;
			buildPhases = (
				CC3577891B04A5C300D42CAD /* Sources */,
				CC35778A1B04A5C300D42CAD /* Frameworks */,
				CC35778B1B04A5C300D42CAD /* Resources */,
			);
			buildRules = (
			);
			dependencies = (
			);
			name = iosAnimationSample;
			productName = iosAnimationSample;
			productReference = CC35778D1B04A5C300D42CAD /* iosAnimationSample.app */;
			productType = "com.apple.product-type.application";
		};
		CC3577A11B04A5C300D42CAD /* iosAnimationSampleTests */ = {
			isa = PBXNativeTarget;
			buildConfigurationList = CC3577AF1B04A5C300D42CAD /* Build configuration list for PBXNativeTarget "iosAnimationSampleTests" */;
			buildPhases = (
				CC35779E1B04A5C300D42CAD /* Sources */,
				CC35779F1B04A5C300D42CAD /* Frameworks */,
				CC3577A01B04A5C300D42CAD /* Resources */,
			);
			buildRules = (
			);
			dependencies = (
				CC3577A41B04A5C300D42CAD /* PBXTargetDependency */,
			);
			name = iosAnimationSampleTests;
			productName = iosAnimationSampleTests;
			productReference = CC3577A21B04A5C300D42CAD /* iosAnimationSampleTests.xctest */;
			productType = "com.apple.product-type.bundle.unit-test";
		};
/* End PBXNativeTarget section */

/* Begin PBXProject section */
		CC3577851B04A5C300D42CAD /* Project object */ = {
			isa = PBXProject;
			attributes = {
				LastUpgradeCheck = 0630;
				ORGANIZATIONNAME = ookiwi;
				TargetAttributes = {
					CC35778C1B04A5C300D42CAD = {
						CreatedOnToolsVersion = 6.3.1;
					};
					CC3577A11B04A5C300D42CAD = {
						CreatedOnToolsVersion = 6.3.1;
						TestTargetID = CC35778C1B04A5C300D42CAD;
					};
				};
			};
			buildConfigurationList = CC3577881B04A5C300D42CAD /* Build configuration list for PBXProject "iosAnimationSample" */;
			compatibilityVersion = "Xcode 3.2";
			developmentRegion = English;
			hasScannedForEncodings = 0;
			knownRegions = (
				en,
				Base,
			);
			mainGroup = CC3577841B04A5C300D42CAD;
			productRefGroup = CC35778E1B04A5C300D42CAD /* Products */;
			projectDirPath = "";
			projectRoot = "";
			targets = (
				CC35778C1B04A5C300D42CAD /* iosAnimationSample */,
				CC3577A11B04A5C300D42CAD /* iosAnimationSampleTests */,
			);
		};
/* End PBXProject section */

/* Begin PBXResourcesBuildPhase section */
		CC35778B1B04A5C300D42CAD /* Resources */ = {
			isa = PBXResourcesBuildPhase;
			buildActionMask = 2147483647;
			files = (
				CC3577981B04A5C300D42CAD /* Main.storyboard in Resources */,
				CC35779D1B04A5C300D42CAD /* LaunchScreen.xib in Resources */,
				CC35779A1B04A5C300D42CAD /* Images.xcassets in Resources */,
			);
			runOnlyForDeploymentPostprocessing = 0;
		};
		CC3577A01B04A5C300D42CAD /* Resources */ = {
			isa = PBXResourcesBuildPhase;
			buildActionMask = 2147483647;
			files = (
			);
			runOnlyForDeploymentPostprocessing = 0;
		};
/* End PBXResourcesBuildPhase section */

/* Begin PBXSourcesBuildPhase section */
		CC3577891B04A5C300D42CAD /* Sources */ = {
			isa = PBXSourcesBuildPhase;
			buildActionMask = 2147483647;
			files = (
				CC3577B31B04A85B00D42CAD /* PositionViewController.swift in Sources */,
				CC3577B71B04BC9200D42CAD /* ScaleViewController.swift in Sources */,
				CC3577951B04A5C300D42CAD /* ViewController.swift in Sources */,
				CC3577B51B04B96B00D42CAD /* OpacityViewController.swift in Sources */,
				CC3577B91B04BF4600D42CAD /* ColorViewController.swift in Sources */,
				CC3577931B04A5C300D42CAD /* AppDelegate.swift in Sources */,
			);
			runOnlyForDeploymentPostprocessing = 0;
		};
		CC35779E1B04A5C300D42CAD /* Sources */ = {
			isa = PBXSourcesBuildPhase;
			buildActionMask = 2147483647;
			files = (
				CC3577A91B04A5C300D42CAD /* iosAnimationSampleTests.swift in Sources */,
			);
			runOnlyForDeploymentPostprocessing = 0;
		};
/* End PBXSourcesBuildPhase section */

/* Begin PBXTargetDependency section */
		CC3577A41B04A5C300D42CAD /* PBXTargetDependency */ = {
			isa = PBXTargetDependency;
			target = CC35778C1B04A5C300D42CAD /* iosAnimationSample */;
			targetProxy = CC3577A31B04A5C300D42CAD /* PBXContainerItemProxy */;
		};
/* End PBXTargetDependency section */

/* Begin PBXVariantGroup section */
		CC3577961B04A5C300D42CAD /* Main.storyboard */ = {
			isa = PBXVariantGroup;
			children = (
				CC3577971B04A5C300D42CAD /* Base */,
			);
			name = Main.storyboard;
			sourceTree = "<group>";
		};
		CC35779B1B04A5C300D42CAD /* LaunchScreen.xib */ = {
			isa = PBXVariantGroup;
			children = (
				CC35779C1B04A5C300D42CAD /* Base */,
			);
			name = LaunchScreen.xib;
			sourceTree = "<group>";
		};
/* End PBXVariantGroup section */

/* Begin XCBuildConfiguration section */
		CC3577AA1B04A5C300D42CAD /* Debug */ = {
			isa = XCBuildConfiguration;
			buildSettings = {
				ALWAYS_SEARCH_USER_PATHS = NO;
				CLANG_CXX_LANGUAGE_STANDARD = "gnu++0x";
				CLANG_CXX_LIBRARY = "libc++";
				CLANG_ENABLE_MODULES = YES;
				CLANG_ENABLE_OBJC_ARC = YES;
				CLANG_WARN_BOOL_CONVERSION = YES;
				CLANG_WARN_CONSTANT_CONVERSION = YES;
				CLANG_WARN_DIRECT_OBJC_ISA_USAGE = YES_ERROR;
				CLANG_WARN_EMPTY_BODY = YES;
				CLANG_WARN_ENUM_CONVERSION = YES;
				CLANG_WARN_INT_CONVERSION = YES;
				CLANG_WARN_OBJC_ROOT_CLASS = YES_ERROR;
				CLANG_WARN_UNREACHABLE_CODE = YES;
				CLANG_WARN__DUPLICATE_METHOD_MATCH = YES;
				"CODE_SIGN_IDENTITY[sdk=iphoneos*]" = "iPhone Developer";
				COPY_PHASE_STRIP = NO;
				DEBUG_INFORMATION_FORMAT = "dwarf-with-dsym";
				ENABLE_STRICT_OBJC_MSGSEND = YES;
				GCC_C_LANGUAGE_STANDARD = gnu99;
				GCC_DYNAMIC_NO_PIC = NO;
				GCC_NO_COMMON_BLOCKS = YES;
				GCC_OPTIMIZATION_LEVEL = 0;
				GCC_PREPROCESSOR_DEFINITIONS = (
					"DEBUG=1",
					"$(inherited)",
				);
				GCC_SYMBOLS_PRIVATE_EXTERN = NO;
				GCC_WARN_64_TO_32_BIT_CONVERSION = YES;
				GCC_WARN_ABOUT_RETURN_TYPE = YES_ERROR;
				GCC_WARN_UNDECLARED_SELECTOR = YES;
				GCC_WARN_UNINITIALIZED_AUTOS = YES_AGGRESSIVE;
				GCC_WARN_UNUSED_FUNCTION = YES;
				GCC_WARN_UNUSED_VARIABLE = YES;
				IPHONEOS_DEPLOYMENT_TARGET = 8.3;
				MTL_ENABLE_DEBUG_INFO = YES;
				ONLY_ACTIVE_ARCH = YES;
				SDKROOT = iphoneos;
				SWIFT_OPTIMIZATION_LEVEL = "-Onone";
			};
			name = Debug;
		};
		CC3577AB1B04A5C300D42CAD /* Release */ = {
			isa = XCBuildConfiguration;
			buildSettings = {
				ALWAYS_SEARCH_USER_PATHS = NO;
				CLANG_CXX_LANGUAGE_STANDARD = "gnu++0x";
				CLANG_CXX_LIBRARY = "libc++";
				CLANG_ENABLE_MODULES = YES;
				CLANG_ENABLE_OBJC_ARC = YES;
				CLANG_WARN_BOOL_CONVERSION = YES;
				CLANG_WARN_CONSTANT_CONVERSION = YES;
				CLANG_WARN_DIRECT_OBJC_ISA_USAGE = YES_ERROR;
				CLANG_WARN_EMPTY_BODY = YES;
				CLANG_WARN_ENUM_CONVERSION = YES;
				CLANG_WARN_INT_CONVERSION = YES;
				CLANG_WARN_OBJC_ROOT_CLASS = YES_ERROR;
				CLANG_WARN_UNREACHABLE_CODE = YES;
				CLANG_WARN__DUPLICATE_METHOD_MATCH = YES;
				"CODE_SIGN_IDENTITY[sdk=iphoneos*]" = "iPhone Developer";
				COPY_PHASE_STRIP = NO;
				DEBUG_INFORMATION_FORMAT = "dwarf-with-dsym";
				ENABLE_NS_ASSERTIONS = NO;
				ENABLE_STRICT_OBJC_MSGSEND = YES;
				GCC_C_LANGUAGE_STANDARD = gnu99;
				GCC_NO_COMMON_BLOCKS = YES;
				GCC_WARN_64_TO_32_BIT_CONVERSION = YES;
				GCC_WARN_ABOUT_RETURN_TYPE = YES_ERROR;
				GCC_WARN_UNDECLARED_SELECTOR = YES;
				GCC_WARN_UNINITIALIZED_AUTOS = YES_AGGRESSIVE;
				GCC_WARN_UNUSED_FUNCTION = YES;
				GCC_WARN_UNUSED_VARIABLE = YES;
				IPHONEOS_DEPLOYMENT_TARGET = 8.3;
				MTL_ENABLE_DEBUG_INFO = NO;
				SDKROOT = iphoneos;
				VALIDATE_PRODUCT = YES;
			};
			name = Release;
		};
		CC3577AD1B04A5C300D42CAD /* Debug */ = {
			isa = XCBuildConfiguration;
			buildSettings = {
				ASSETCATALOG_COMPILER_APPICON_NAME = AppIcon;
				INFOPLIST_FILE = iosAnimationSample/Info.plist;
				LD_RUNPATH_SEARCH_PATHS = "$(inherited) @executable_path/Frameworks";
				PRODUCT_NAME = "$(TARGET_NAME)";
			};
			name = Debug;
		};
		CC3577AE1B04A5C300D42CAD /* Release */ = {
			isa = XCBuildConfiguration;
			buildSettings = {
				ASSETCATALOG_COMPILER_APPICON_NAME = AppIcon;
				INFOPLIST_FILE = iosAnimationSample/Info.plist;
				LD_RUNPATH_SEARCH_PATHS = "$(inherited) @executable_path/Frameworks";
				PRODUCT_NAME = "$(TARGET_NAME)";
			};
			name = Release;
		};
		CC3577B01B04A5C300D42CAD /* Debug */ = {
			isa = XCBuildConfiguration;
			buildSettings = {
				BUNDLE_LOADER = "$(TEST_HOST)";
				FRAMEWORK_SEARCH_PATHS = (
					"$(SDKROOT)/Developer/Library/Frameworks",
					"$(inherited)",
				);
				GCC_PREPROCESSOR_DEFINITIONS = (
					"DEBUG=1",
					"$(inherited)",
				);
				INFOPLIST_FILE = iosAnimationSampleTests/Info.plist;
				LD_RUNPATH_SEARCH_PATHS = "$(inherited) @executable_path/Frameworks @loader_path/Frameworks";
				PRODUCT_NAME = "$(TARGET_NAME)";
				TEST_HOST = "$(BUILT_PRODUCTS_DIR)/iosAnimationSample.app/iosAnimationSample";
			};
			name = Debug;
		};
		CC3577B11B04A5C300D42CAD /* Release */ = {
			isa = XCBuildConfiguration;
			buildSettings = {
				BUNDLE_LOADER = "$(TEST_HOST)";
				FRAMEWORK_SEARCH_PATHS = (
					"$(SDKROOT)/Developer/Library/Frameworks",
					"$(inherited)",
				);
				INFOPLIST_FILE = iosAnimationSampleTests/Info.plist;
				LD_RUNPATH_SEARCH_PATHS = "$(inherited) @executable_path/Frameworks @loader_path/Frameworks";
				PRODUCT_NAME = "$(TARGET_NAME)";
				TEST_HOST = "$(BUILT_PRODUCTS_DIR)/iosAnimationSample.app/iosAnimationSample";
			};
			name = Release;
		};
/* End XCBuildConfiguration section */

/* Begin XCConfigurationList section */
		CC3577881B04A5C300D42CAD /* Build configuration list for PBXProject "iosAnimationSample" */ = {
			isa = XCConfigurationList;
			buildConfigurations = (
				CC3577AA1B04A5C300D42CAD /* Debug */,
				CC3577AB1B04A5C300D42CAD /* Release */,
			);
			defaultConfigurationIsVisible = 0;
			defaultConfigurationName = Release;
		};
		CC3577AC1B04A5C300D42CAD /* Build configuration list for PBXNativeTarget "iosAnimationSample" */ = {
			isa = XCConfigurationList;
			buildConfigurations = (
				CC3577AD1B04A5C300D42CAD /* Debug */,
				CC3577AE1B04A5C300D42CAD /* Release */,
			);
			defaultConfigurationIsVisible = 0;
		};
		CC3577AF1B04A5C300D42CAD /* Build configuration list for PBXNativeTarget "iosAnimationSampleTests" */ = {
			isa = XCConfigurationList;
			buildConfigurations = (
				CC3577B01B04A5C300D42CAD /* Debug */,
				CC3577B11B04A5C300D42CAD /* Release */,
			);
			defaultConfigurationIsVisible = 0;
		};
/* End XCConfigurationList section */
	};
	rootObject = CC3577851B04A5C300D42CAD /* Project object */;
}
